
Microsoft Visual Studio Solution File, Format Version 12.00
# Visual Studio 2012
Project("{FAE04EC0-301F-11D3-BF4B-00C04F79EFBC}") = "BackgroundTransfer", "BackgroundTransfer\BackgroundTransfer.csproj", "{0DE950B2-F6E6-48A1-93D5-20A5DD23BD4F}"
EndProject
Global
	GlobalSection(SolutionConfigurationPlatforms) = preSolution
		Debug|iPhoneSimulator = Debug|iPhoneSimulator
		Release|iPhone = Release|iPhone
		Release|iPhoneSimulator = Release|iPhoneSimulator
		Debug|iPhone = Debug|iPhone
	EndGlobalSection
	GlobalSection(ProjectConfigurationPlatforms) = postSolution
		{0DE950B2-F6E6-48A1-93D5-20A5DD23BD4F}.Debug|iPhoneSimulator.ActiveCfg = Debug|iPhoneSimulator
		{0DE950B2-F6E6-48A1-93D5-20A5DD23BD4F}.Debug|iPhoneSimulator.Build.0 = Debug|iPhoneSimulator
		{0DE950B2-F6E6-48A1-93D5-20A5DD23BD4F}.Release|iPhone.ActiveCfg = Release|iPhone
		{0DE950B2-F6E6-48A1-93D5-20A5DD23BD4F}.Release|iPhone.Build.0 = Release|iPhone
		{0DE950B2-F6E6-48A1-93D5-20A5DD23BD4F}.Release|iPhoneSimulator.ActiveCfg = Release|iPhoneSimulator
		{0DE950B2-F6E6-48A1-93D5-20A5DD23BD4F}.Release|iPhoneSimulator.Build.0 = Release|iPhoneSimulator
		{0DE950B2-F6E6-48A1-93D5-20A5DD23BD4F}.Debug|iPhone.ActiveCfg = Debug|iPhone
		{0DE950B2-F6E6-48A1-93D5-20A5DD23BD4F}.Debug|iPhone.Build.0 = Debug|iPhone
	EndGlobalSection
EndGlobal
